// !$*UTF8*$!
{
	archiveVersion = 1;
	classes = {
	};
	objectVersion = 56;
	objects = {

/* Begin PBXBuildFile section */
		1710EB9B2938B36C0001E107 /* RestaurantList.swift in Sources */ = {isa = PBXBuildFile; fileRef = 1710EB9A2938B36C0001E107 /* RestaurantList.swift */; };
		1710EB9D2938B6DF0001E107 /* RowRestaurantView.swift in Sources */ = {isa = PBXBuildFile; fileRef = 1710EB9C2938B6DF0001E107 /* RowRestaurantView.swift */; };
		1710EB9F2938B8850001E107 /* RowRecipeView.swift in Sources */ = {isa = PBXBuildFile; fileRef = 1710EB9E2938B8850001E107 /* RowRecipeView.swift */; };
		1710EBA72938F1880001E107 /* ListCategorieView.swift in Sources */ = {isa = PBXBuildFile; fileRef = 1710EBA62938F1880001E107 /* ListCategorieView.swift */; };
		1722340D29364EB500FB6CAA /* RestaurationViewModel.swift in Sources */ = {isa = PBXBuildFile; fileRef = 1722340C29364EB500FB6CAA /* RestaurationViewModel.swift */; };
		17379CFC2937581C005107A1 /* ManagerListView.swift in Sources */ = {isa = PBXBuildFile; fileRef = 17379CFB2937581C005107A1 /* ManagerListView.swift */; };
		178E22132936377E00509AA2 /* QrChefApp.swift in Sources */ = {isa = PBXBuildFile; fileRef = 178E22122936377E00509AA2 /* QrChefApp.swift */; };
		178E22152936377E00509AA2 /* ContentView.swift in Sources */ = {isa = PBXBuildFile; fileRef = 178E22142936377E00509AA2 /* ContentView.swift */; };
		178E22172936378000509AA2 /* Assets.xcassets in Resources */ = {isa = PBXBuildFile; fileRef = 178E22162936378000509AA2 /* Assets.xcassets */; };
		178E221A2936378000509AA2 /* Preview Assets.xcassets in Resources */ = {isa = PBXBuildFile; fileRef = 178E22192936378000509AA2 /* Preview Assets.xcassets */; };
		17D33001293658B600A2403A /* Recipe.swift in Sources */ = {isa = PBXBuildFile; fileRef = 17D33000293658B600A2403A /* Recipe.swift */; };
		17D330032936592800A2403A /* Ingredient.swift in Sources */ = {isa = PBXBuildFile; fileRef = 17D330022936592800A2403A /* Ingredient.swift */; };
		17D330052936594E00A2403A /* Manager.swift in Sources */ = {isa = PBXBuildFile; fileRef = 17D330042936594E00A2403A /* Manager.swift */; };
		17D3300729365E0C00A2403A /* DetailRecipeView.swift in Sources */ = {isa = PBXBuildFile; fileRef = 17D3300629365E0C00A2403A /* DetailRecipeView.swift */; };
		17D3300D2936647500A2403A /* RecipeListView.swift in Sources */ = {isa = PBXBuildFile; fileRef = 17D3300C2936647500A2403A /* RecipeListView.swift */; };
		7B0C923A29365D9100C57CCD /* UserViewModel.swift in Sources */ = {isa = PBXBuildFile; fileRef = 7B0C923929365D9100C57CCD /* UserViewModel.swift */; };
		7B0C923C293660B700C57CCD /* ButtonView.swift in Sources */ = {isa = PBXBuildFile; fileRef = 7B0C923B293660B700C57CCD /* ButtonView.swift */; };
		7B0C92402936888500C57CCD /* RowView.swift in Sources */ = {isa = PBXBuildFile; fileRef = 7B0C923F2936888500C57CCD /* RowView.swift */; };
		D94851732937566300886DD1 /* PreparationView.swift in Sources */ = {isa = PBXBuildFile; fileRef = D94851722937566300886DD1 /* PreparationView.swift */; };
		D94851772937567A00886DD1 /* ButtonColor.swift in Sources */ = {isa = PBXBuildFile; fileRef = D94851762937567A00886DD1 /* ButtonColor.swift */; };
		D9485179293759E500886DD1 /* CommandesView.swift in Sources */ = {isa = PBXBuildFile; fileRef = D9485178293759E500886DD1 /* CommandesView.swift */; };
		D948517B293762C500886DD1 /* ButtonServView.swift in Sources */ = {isa = PBXBuildFile; fileRef = D948517A293762C500886DD1 /* ButtonServView.swift */; };
		D948517E29378B1400886DD1 /* OrderView.swift in Sources */ = {isa = PBXBuildFile; fileRef = D948517D29378B1400886DD1 /* OrderView.swift */; };
		D9485180293792E500886DD1 /* RecipeOrderView.swift in Sources */ = {isa = PBXBuildFile; fileRef = D948517F293792E500886DD1 /* RecipeOrderView.swift */; };
		D94851822937B0A400886DD1 /* ButtonOrderView.swift in Sources */ = {isa = PBXBuildFile; fileRef = D94851812937B0A400886DD1 /* ButtonOrderView.swift */; };
/* End PBXBuildFile section */

/* Begin PBXFileReference section */
		1710EB9A2938B36C0001E107 /* RestaurantList.swift */ = {isa = PBXFileReference; lastKnownFileType = sourcecode.swift; path = RestaurantList.swift; sourceTree = "<group>"; };
		1710EB9C2938B6DF0001E107 /* RowRestaurantView.swift */ = {isa = PBXFileReference; lastKnownFileType = sourcecode.swift; path = RowRestaurantView.swift; sourceTree = "<group>"; };
		1710EB9E2938B8850001E107 /* RowRecipeView.swift */ = {isa = PBXFileReference; lastKnownFileType = sourcecode.swift; path = RowRecipeView.swift; sourceTree = "<group>"; };
		1710EBA62938F1880001E107 /* ListCategorieView.swift */ = {isa = PBXFileReference; lastKnownFileType = sourcecode.swift; path = ListCategorieView.swift; sourceTree = "<group>"; };
		1722340C29364EB500FB6CAA /* RestaurationViewModel.swift */ = {isa = PBXFileReference; lastKnownFileType = sourcecode.swift; path = RestaurationViewModel.swift; sourceTree = "<group>"; };
		17379CFB2937581C005107A1 /* ManagerListView.swift */ = {isa = PBXFileReference; lastKnownFileType = sourcecode.swift; path = ManagerListView.swift; sourceTree = "<group>"; };
		178E220F2936377E00509AA2 /* QrChef.app */ = {isa = PBXFileReference; explicitFileType = wrapper.application; includeInIndex = 0; path = QrChef.app; sourceTree = BUILT_PRODUCTS_DIR; };
		178E22122936377E00509AA2 /* QrChefApp.swift */ = {isa = PBXFileReference; lastKnownFileType = sourcecode.swift; path = QrChefApp.swift; sourceTree = "<group>"; };
		178E22142936377E00509AA2 /* ContentView.swift */ = {isa = PBXFileReference; lastKnownFileType = sourcecode.swift; path = ContentView.swift; sourceTree = "<group>"; };
		178E22162936378000509AA2 /* Assets.xcassets */ = {isa = PBXFileReference; lastKnownFileType = folder.assetcatalog; path = Assets.xcassets; sourceTree = "<group>"; };
		178E22192936378000509AA2 /* Preview Assets.xcassets */ = {isa = PBXFileReference; lastKnownFileType = folder.assetcatalog; path = "Preview Assets.xcassets"; sourceTree = "<group>"; };
		17D33000293658B600A2403A /* Recipe.swift */ = {isa = PBXFileReference; lastKnownFileType = sourcecode.swift; path = Recipe.swift; sourceTree = "<group>"; };
		17D330022936592800A2403A /* Ingredient.swift */ = {isa = PBXFileReference; lastKnownFileType = sourcecode.swift; path = Ingredient.swift; sourceTree = "<group>"; };
		17D330042936594E00A2403A /* Manager.swift */ = {isa = PBXFileReference; lastKnownFileType = sourcecode.swift; path = Manager.swift; sourceTree = "<group>"; };
		17D3300629365E0C00A2403A /* DetailRecipeView.swift */ = {isa = PBXFileReference; lastKnownFileType = sourcecode.swift; path = DetailRecipeView.swift; sourceTree = "<group>"; };
		17D3300C2936647500A2403A /* RecipeListView.swift */ = {isa = PBXFileReference; lastKnownFileType = sourcecode.swift; path = RecipeListView.swift; sourceTree = "<group>"; };
		7B0C923929365D9100C57CCD /* UserViewModel.swift */ = {isa = PBXFileReference; lastKnownFileType = sourcecode.swift; path = UserViewModel.swift; sourceTree = "<group>"; };
		7B0C923B293660B700C57CCD /* ButtonView.swift */ = {isa = PBXFileReference; lastKnownFileType = sourcecode.swift; path = ButtonView.swift; sourceTree = "<group>"; };
		7B0C923F2936888500C57CCD /* RowView.swift */ = {isa = PBXFileReference; lastKnownFileType = sourcecode.swift; path = RowView.swift; sourceTree = "<group>"; };
		D94851722937566300886DD1 /* PreparationView.swift */ = {isa = PBXFileReference; lastKnownFileType = sourcecode.swift; path = PreparationView.swift; sourceTree = "<group>"; };
		D94851762937567A00886DD1 /* ButtonColor.swift */ = {isa = PBXFileReference; lastKnownFileType = sourcecode.swift; path = ButtonColor.swift; sourceTree = "<group>"; };
		D9485178293759E500886DD1 /* CommandesView.swift */ = {isa = PBXFileReference; lastKnownFileType = sourcecode.swift; path = CommandesView.swift; sourceTree = "<group>"; };
		D948517A293762C500886DD1 /* ButtonServView.swift */ = {isa = PBXFileReference; lastKnownFileType = sourcecode.swift; path = ButtonServView.swift; sourceTree = "<group>"; };
		D948517D29378B1400886DD1 /* OrderView.swift */ = {isa = PBXFileReference; lastKnownFileType = sourcecode.swift; path = OrderView.swift; sourceTree = "<group>"; };
		D948517F293792E500886DD1 /* RecipeOrderView.swift */ = {isa = PBXFileReference; lastKnownFileType = sourcecode.swift; path = RecipeOrderView.swift; sourceTree = "<group>"; };
		D94851812937B0A400886DD1 /* ButtonOrderView.swift */ = {isa = PBXFileReference; lastKnownFileType = sourcecode.swift; path = ButtonOrderView.swift; sourceTree = "<group>"; };
/* End PBXFileReference section */

/* Begin PBXFrameworksBuildPhase section */
		178E220C2936377E00509AA2 /* Frameworks */ = {
			isa = PBXFrameworksBuildPhase;
			buildActionMask = 2147483647;
			files = (
			);
			runOnlyForDeploymentPostprocessing = 0;
		};
/* End PBXFrameworksBuildPhase section */

/* Begin PBXGroup section */
		1710EBA82938FA430001E107 /* ListView */ = {
			isa = PBXGroup;
			children = (
				1710EBA62938F1880001E107 /* ListCategorieView.swift */,
				17379CFB2937581C005107A1 /* ManagerListView.swift */,
				1710EB9A2938B36C0001E107 /* RestaurantList.swift */,
				1710EB9E2938B8850001E107 /* RowRecipeView.swift */,
				1710EB9C2938B6DF0001E107 /* RowRestaurantView.swift */,
			);
			path = ListView;
			sourceTree = "<group>";
		};
		178E22062936377E00509AA2 = {
			isa = PBXGroup;
			children = (
				178E22112936377E00509AA2 /* QrChef */,
				178E22102936377E00509AA2 /* Products */,
			);
			sourceTree = "<group>";
		};
		178E22102936377E00509AA2 /* Products */ = {
			isa = PBXGroup;
			children = (
				178E220F2936377E00509AA2 /* QrChef.app */,
			);
			name = Products;
			sourceTree = "<group>";
		};
		178E22112936377E00509AA2 /* QrChef */ = {
			isa = PBXGroup;
			children = (
				178E22122936377E00509AA2 /* QrChefApp.swift */,
				178E22142936377E00509AA2 /* ContentView.swift */,
				178E222629364DE100509AA2 /* Models */,
				178E222529364DD900509AA2 /* ViewModels */,
				178E222429364DCE00509AA2 /* Views */,
				178E22162936378000509AA2 /* Assets.xcassets */,
				178E22182936378000509AA2 /* Preview Content */,
			);
			path = QrChef;
			sourceTree = "<group>";
		};
		178E22182936378000509AA2 /* Preview Content */ = {
			isa = PBXGroup;
			children = (
				178E22192936378000509AA2 /* Preview Assets.xcassets */,
			);
			path = "Preview Content";
			sourceTree = "<group>";
		};
		178E222429364DCE00509AA2 /* Views */ = {
			isa = PBXGroup;
			children = (
				D948517C29378AFF00886DD1 /* OrderView */,
				D94851712937564C00886DD1 /* PreparationView */,
				7B0C923D293660FB00C57CCD /* DetailView */,
				17D3300C2936647500A2403A /* RecipeListView.swift */,
				1710EBA82938FA430001E107 /* ListView */,
			);
			path = Views;
			sourceTree = "<group>";
		};
		178E222529364DD900509AA2 /* ViewModels */ = {
			isa = PBXGroup;
			children = (
				1722340C29364EB500FB6CAA /* RestaurationViewModel.swift */,
				7B0C923929365D9100C57CCD /* UserViewModel.swift */,
			);
			path = ViewModels;
			sourceTree = "<group>";
		};
		178E222629364DE100509AA2 /* Models */ = {
			isa = PBXGroup;
			children = (
				17D33000293658B600A2403A /* Recipe.swift */,
				17D330042936594E00A2403A /* Manager.swift */,
				17D330022936592800A2403A /* Ingredient.swift */,
			);
			path = Models;
			sourceTree = "<group>";
		};
		7B0C923D293660FB00C57CCD /* DetailView */ = {
			isa = PBXGroup;
			children = (
				7B0C923B293660B700C57CCD /* ButtonView.swift */,
				17D3300629365E0C00A2403A /* DetailRecipeView.swift */,
				7B0C923F2936888500C57CCD /* RowView.swift */,
			);
			path = DetailView;
			sourceTree = "<group>";
		};
		D94851712937564C00886DD1 /* PreparationView */ = {
			isa = PBXGroup;
			children = (
				D94851722937566300886DD1 /* PreparationView.swift */,
				D9485178293759E500886DD1 /* CommandesView.swift */,
				D948517A293762C500886DD1 /* ButtonServView.swift */,
				D94851742937566600886DD1 /* Extensions */,
			);
			path = PreparationView;
			sourceTree = "<group>";
		};
		D94851742937566600886DD1 /* Extensions */ = {
			isa = PBXGroup;
			children = (
				D94851762937567A00886DD1 /* ButtonColor.swift */,
			);
			path = Extensions;
			sourceTree = "<group>";
		};
		D948517C29378AFF00886DD1 /* OrderView */ = {
			isa = PBXGroup;
			children = (
				D948517D29378B1400886DD1 /* OrderView.swift */,
				D948517F293792E500886DD1 /* RecipeOrderView.swift */,
				D94851812937B0A400886DD1 /* ButtonOrderView.swift */,
			);
			path = OrderView;
			sourceTree = "<group>";
		};
/* End PBXGroup section */

/* Begin PBXNativeTarget section */
		178E220E2936377E00509AA2 /* QrChef */ = {
			isa = PBXNativeTarget;
			buildConfigurationList = 178E221D2936378000509AA2 /* Build configuration list for PBXNativeTarget "QrChef" */;
			buildPhases = (
				178E220B2936377E00509AA2 /* Sources */,
				178E220C2936377E00509AA2 /* Frameworks */,
				178E220D2936377E00509AA2 /* Resources */,
			);
			buildRules = (
			);
			dependencies = (
			);
			name = QrChef;
			productName = QrChef;
			productReference = 178E220F2936377E00509AA2 /* QrChef.app */;
			productType = "com.apple.product-type.application";
		};
/* End PBXNativeTarget section */

/* Begin PBXProject section */
		178E22072936377E00509AA2 /* Project object */ = {
			isa = PBXProject;
			attributes = {
				BuildIndependentTargetsInParallel = 1;
				LastSwiftUpdateCheck = 1410;
				LastUpgradeCheck = 1410;
				TargetAttributes = {
					178E220E2936377E00509AA2 = {
						CreatedOnToolsVersion = 14.1;
					};
				};
			};
			buildConfigurationList = 178E220A2936377E00509AA2 /* Build configuration list for PBXProject "QrChef" */;
			compatibilityVersion = "Xcode 14.0";
			developmentRegion = en;
			hasScannedForEncodings = 0;
			knownRegions = (
				en,
				Base,
			);
			mainGroup = 178E22062936377E00509AA2;
			productRefGroup = 178E22102936377E00509AA2 /* Products */;
			projectDirPath = "";
			projectRoot = "";
			targets = (
				178E220E2936377E00509AA2 /* QrChef */,
			);
		};
/* End PBXProject section */

/* Begin PBXResourcesBuildPhase section */
		178E220D2936377E00509AA2 /* Resources */ = {
			isa = PBXResourcesBuildPhase;
			buildActionMask = 2147483647;
			files = (
				178E221A2936378000509AA2 /* Preview Assets.xcassets in Resources */,
				178E22172936378000509AA2 /* Assets.xcassets in Resources */,
			);
			runOnlyForDeploymentPostprocessing = 0;
		};
/* End PBXResourcesBuildPhase section */

/* Begin PBXSourcesBuildPhase section */
		178E220B2936377E00509AA2 /* Sources */ = {
			isa = PBXSourcesBuildPhase;
			buildActionMask = 2147483647;
			files = (
				1710EB9B2938B36C0001E107 /* RestaurantList.swift in Sources */,
				D94851732937566300886DD1 /* PreparationView.swift in Sources */,
				17D33001293658B600A2403A /* Recipe.swift in Sources */,
				D94851822937B0A400886DD1 /* ButtonOrderView.swift in Sources */,
				D9485179293759E500886DD1 /* CommandesView.swift in Sources */,
				D948517E29378B1400886DD1 /* OrderView.swift in Sources */,
				7B0C92402936888500C57CCD /* RowView.swift in Sources */,
				7B0C923A29365D9100C57CCD /* UserViewModel.swift in Sources */,
				17D3300D2936647500A2403A /* RecipeListView.swift in Sources */,
				1710EB9D2938B6DF0001E107 /* RowRestaurantView.swift in Sources */,
				1710EBA72938F1880001E107 /* ListCategorieView.swift in Sources */,
				D948517B293762C500886DD1 /* ButtonServView.swift in Sources */,
				7B0C923C293660B700C57CCD /* ButtonView.swift in Sources */,
				17D330052936594E00A2403A /* Manager.swift in Sources */,
				178E22152936377E00509AA2 /* ContentView.swift in Sources */,
				D9485180293792E500886DD1 /* RecipeOrderView.swift in Sources */,
				D94851772937567A00886DD1 /* ButtonColor.swift in Sources */,
				17D330032936592800A2403A /* Ingredient.swift in Sources */,
				1710EB9F2938B8850001E107 /* RowRecipeView.swift in Sources */,
				178E22132936377E00509AA2 /* QrChefApp.swift in Sources */,
				17D3300729365E0C00A2403A /* DetailRecipeView.swift in Sources */,
				17379CFC2937581C005107A1 /* ManagerListView.swift in Sources */,
				1722340D29364EB500FB6CAA /* RestaurationViewModel.swift in Sources */,
			);
			runOnlyForDeploymentPostprocessing = 0;
		};
/* End PBXSourcesBuildPhase section */

/* Begin XCBuildConfiguration section */
		178E221B2936378000509AA2 /* Debug */ = {
			isa = XCBuildConfiguration;
			buildSettings = {
				ALWAYS_SEARCH_USER_PATHS = NO;
				CLANG_ANALYZER_NONNULL = YES;
				CLANG_ANALYZER_NUMBER_OBJECT_CONVERSION = YES_AGGRESSIVE;
				CLANG_CXX_LANGUAGE_STANDARD = "gnu++20";
				CLANG_ENABLE_MODULES = YES;
				CLANG_ENABLE_OBJC_ARC = YES;
				CLANG_ENABLE_OBJC_WEAK = YES;
				CLANG_WARN_BLOCK_CAPTURE_AUTORELEASING = YES;
				CLANG_WARN_BOOL_CONVERSION = YES;
				CLANG_WARN_COMMA = YES;
				CLANG_WARN_CONSTANT_CONVERSION = YES;
				CLANG_WARN_DEPRECATED_OBJC_IMPLEMENTATIONS = YES;
				CLANG_WARN_DIRECT_OBJC_ISA_USAGE = YES_ERROR;
				CLANG_WARN_DOCUMENTATION_COMMENTS = YES;
				CLANG_WARN_EMPTY_BODY = YES;
				CLANG_WARN_ENUM_CONVERSION = YES;
				CLANG_WARN_INFINITE_RECURSION = YES;
				CLANG_WARN_INT_CONVERSION = YES;
				CLANG_WARN_NON_LITERAL_NULL_CONVERSION = YES;
				CLANG_WARN_OBJC_IMPLICIT_RETAIN_SELF = YES;
				CLANG_WARN_OBJC_LITERAL_CONVERSION = YES;
				CLANG_WARN_OBJC_ROOT_CLASS = YES_ERROR;
				CLANG_WARN_QUOTED_INCLUDE_IN_FRAMEWORK_HEADER = YES;
				CLANG_WARN_RANGE_LOOP_ANALYSIS = YES;
				CLANG_WARN_STRICT_PROTOTYPES = YES;
				CLANG_WARN_SUSPICIOUS_MOVE = YES;
				CLANG_WARN_UNGUARDED_AVAILABILITY = YES_AGGRESSIVE;
				CLANG_WARN_UNREACHABLE_CODE = YES;
				CLANG_WARN__DUPLICATE_METHOD_MATCH = YES;
				COPY_PHASE_STRIP = NO;
				DEBUG_INFORMATION_FORMAT = dwarf;
				ENABLE_STRICT_OBJC_MSGSEND = YES;
				ENABLE_TESTABILITY = YES;
				GCC_C_LANGUAGE_STANDARD = gnu11;
				GCC_DYNAMIC_NO_PIC = NO;
				GCC_NO_COMMON_BLOCKS = YES;
				GCC_OPTIMIZATION_LEVEL = 0;
				GCC_PREPROCESSOR_DEFINITIONS = (
					"DEBUG=1",
					"$(inherited)",
				);
				GCC_WARN_64_TO_32_BIT_CONVERSION = YES;
				GCC_WARN_ABOUT_RETURN_TYPE = YES_ERROR;
				GCC_WARN_UNDECLARED_SELECTOR = YES;
				GCC_WARN_UNINITIALIZED_AUTOS = YES_AGGRESSIVE;
				GCC_WARN_UNUSED_FUNCTION = YES;
				GCC_WARN_UNUSED_VARIABLE = YES;
				IPHONEOS_DEPLOYMENT_TARGET = 16.1;
				MTL_ENABLE_DEBUG_INFO = INCLUDE_SOURCE;
				MTL_FAST_MATH = YES;
				ONLY_ACTIVE_ARCH = YES;
				SDKROOT = iphoneos;
				SWIFT_ACTIVE_COMPILATION_CONDITIONS = DEBUG;
				SWIFT_OPTIMIZATION_LEVEL = "-Onone";
			};
			name = Debug;
		};
		178E221C2936378000509AA2 /* Release */ = {
			isa = XCBuildConfiguration;
			buildSettings = {
				ALWAYS_SEARCH_USER_PATHS = NO;
				CLANG_ANALYZER_NONNULL = YES;
				CLANG_ANALYZER_NUMBER_OBJECT_CONVERSION = YES_AGGRESSIVE;
				CLANG_CXX_LANGUAGE_STANDARD = "gnu++20";
				CLANG_ENABLE_MODULES = YES;
				CLANG_ENABLE_OBJC_ARC = YES;
				CLANG_ENABLE_OBJC_WEAK = YES;
				CLANG_WARN_BLOCK_CAPTURE_AUTORELEASING = YES;
				CLANG_WARN_BOOL_CONVERSION = YES;
				CLANG_WARN_COMMA = YES;
				CLANG_WARN_CONSTANT_CONVERSION = YES;
				CLANG_WARN_DEPRECATED_OBJC_IMPLEMENTATIONS = YES;
				CLANG_WARN_DIRECT_OBJC_ISA_USAGE = YES_ERROR;
				CLANG_WARN_DOCUMENTATION_COMMENTS = YES;
				CLANG_WARN_EMPTY_BODY = YES;
				CLANG_WARN_ENUM_CONVERSION = YES;
				CLANG_WARN_INFINITE_RECURSION = YES;
				CLANG_WARN_INT_CONVERSION = YES;
				CLANG_WARN_NON_LITERAL_NULL_CONVERSION = YES;
				CLANG_WARN_OBJC_IMPLICIT_RETAIN_SELF = YES;
				CLANG_WARN_OBJC_LITERAL_CONVERSION = YES;
				CLANG_WARN_OBJC_ROOT_CLASS = YES_ERROR;
				CLANG_WARN_QUOTED_INCLUDE_IN_FRAMEWORK_HEADER = YES;
				CLANG_WARN_RANGE_LOOP_ANALYSIS = YES;
				CLANG_WARN_STRICT_PROTOTYPES = YES;
				CLANG_WARN_SUSPICIOUS_MOVE = YES;
				CLANG_WARN_UNGUARDED_AVAILABILITY = YES_AGGRESSIVE;
				CLANG_WARN_UNREACHABLE_CODE = YES;
				CLANG_WARN__DUPLICATE_METHOD_MATCH = YES;
				COPY_PHASE_STRIP = NO;
				DEBUG_INFORMATION_FORMAT = "dwarf-with-dsym";
				ENABLE_NS_ASSERTIONS = NO;
				ENABLE_STRICT_OBJC_MSGSEND = YES;
				GCC_C_LANGUAGE_STANDARD = gnu11;
				GCC_NO_COMMON_BLOCKS = YES;
				GCC_WARN_64_TO_32_BIT_CONVERSION = YES;
				GCC_WARN_ABOUT_RETURN_TYPE = YES_ERROR;
				GCC_WARN_UNDECLARED_SELECTOR = YES;
				GCC_WARN_UNINITIALIZED_AUTOS = YES_AGGRESSIVE;
				GCC_WARN_UNUSED_FUNCTION = YES;
				GCC_WARN_UNUSED_VARIABLE = YES;
				IPHONEOS_DEPLOYMENT_TARGET = 16.1;
				MTL_ENABLE_DEBUG_INFO = NO;
				MTL_FAST_MATH = YES;
				SDKROOT = iphoneos;
				SWIFT_COMPILATION_MODE = wholemodule;
				SWIFT_OPTIMIZATION_LEVEL = "-O";
				VALIDATE_PRODUCT = YES;
			};
			name = Release;
		};
		178E221E2936378000509AA2 /* Debug */ = {
			isa = XCBuildConfiguration;
			buildSettings = {
				ASSETCATALOG_COMPILER_APPICON_NAME = AppIcon;
				ASSETCATALOG_COMPILER_GLOBAL_ACCENT_COLOR_NAME = AccentColor;
				CODE_SIGN_STYLE = Automatic;
				CURRENT_PROJECT_VERSION = 1;
				DEVELOPMENT_ASSET_PATHS = "\"QrChef/Preview Content\"";
				DEVELOPMENT_TEAM = 8YR2KQ4MQ5;
				ENABLE_PREVIEWS = YES;
				GENERATE_INFOPLIST_FILE = YES;
				INFOPLIST_KEY_UIApplicationSceneManifest_Generation = YES;
				INFOPLIST_KEY_UIApplicationSupportsIndirectInputEvents = YES;
				INFOPLIST_KEY_UILaunchScreen_Generation = YES;
				INFOPLIST_KEY_UISupportedInterfaceOrientations_iPad = "UIInterfaceOrientationPortrait UIInterfaceOrientationPortraitUpsideDown UIInterfaceOrientationLandscapeLeft UIInterfaceOrientationLandscapeRight";
				INFOPLIST_KEY_UISupportedInterfaceOrientations_iPhone = "UIInterfaceOrientationPortrait UIInterfaceOrientationLandscapeLeft UIInterfaceOrientationLandscapeRight";
				IPHONEOS_DEPLOYMENT_TARGET = 16.0;
				LD_RUNPATH_SEARCH_PATHS = (
					"$(inherited)",
					"@executable_path/Frameworks",
				);
				MARKETING_VERSION = 1.0;
				PRODUCT_BUNDLE_IDENTIFIER = com.Tristan.QrChef;
				PRODUCT_NAME = "$(TARGET_NAME)";
				SWIFT_EMIT_LOC_STRINGS = YES;
				SWIFT_VERSION = 5.0;
				TARGETED_DEVICE_FAMILY = "1,2";
			};
			name = Debug;
		};
		178E221F2936378000509AA2 /* Release */ = {
			isa = XCBuildConfiguration;
			buildSettings = {
				ASSETCATALOG_COMPILER_APPICON_NAME = AppIcon;
				ASSETCATALOG_COMPILER_GLOBAL_ACCENT_COLOR_NAME = AccentColor;
				CODE_SIGN_STYLE = Automatic;
				CURRENT_PROJECT_VERSION = 1;
				DEVELOPMENT_ASSET_PATHS = "\"QrChef/Preview Content\"";
				DEVELOPMENT_TEAM = 8YR2KQ4MQ5;
				ENABLE_PREVIEWS = YES;
				GENERATE_INFOPLIST_FILE = YES;
				INFOPLIST_KEY_UIApplicationSceneManifest_Generation = YES;
				INFOPLIST_KEY_UIApplicationSupportsIndirectInputEvents = YES;
				INFOPLIST_KEY_UILaunchScreen_Generation = YES;
				INFOPLIST_KEY_UISupportedInterfaceOrientations_iPad = "UIInterfaceOrientationPortrait UIInterfaceOrientationPortraitUpsideDown UIInterfaceOrientationLandscapeLeft UIInterfaceOrientationLandscapeRight";
				INFOPLIST_KEY_UISupportedInterfaceOrientations_iPhone = "UIInterfaceOrientationPortrait UIInterfaceOrientationLandscapeLeft UIInterfaceOrientationLandscapeRight";
				IPHONEOS_DEPLOYMENT_TARGET = 16.0;
				LD_RUNPATH_SEARCH_PATHS = (
					"$(inherited)",
					"@executable_path/Frameworks",
				);
				MARKETING_VERSION = 1.0;
				PRODUCT_BUNDLE_IDENTIFIER = com.Tristan.QrChef;
				PRODUCT_NAME = "$(TARGET_NAME)";
				SWIFT_EMIT_LOC_STRINGS = YES;
				SWIFT_VERSION = 5.0;
				TARGETED_DEVICE_FAMILY = "1,2";
			};
			name = Release;
		};
/* End XCBuildConfiguration section */

/* Begin XCConfigurationList section */
		178E220A2936377E00509AA2 /* Build configuration list for PBXProject "QrChef" */ = {
			isa = XCConfigurationList;
			buildConfigurations = (
				178E221B2936378000509AA2 /* Debug */,
				178E221C2936378000509AA2 /* Release */,
			);
			defaultConfigurationIsVisible = 0;
			defaultConfigurationName = Release;
		};
		178E221D2936378000509AA2 /* Build configuration list for PBXNativeTarget "QrChef" */ = {
			isa = XCConfigurationList;
			buildConfigurations = (
				178E221E2936378000509AA2 /* Debug */,
				178E221F2936378000509AA2 /* Release */,
			);
			defaultConfigurationIsVisible = 0;
			defaultConfigurationName = Release;
		};
/* End XCConfigurationList section */
	};
	rootObject = 178E22072936377E00509AA2 /* Project object */;
}
